{
  "name": "atoms-ui",
  "version": "0.0.1",
  "lockfileVersion": 1,
  "requires": true,
  "dependencies": {
    "@algolia/autocomplete-core": {
      "version": "1.7.1",
      "dev": true,
      "requires": {
        "@algolia/autocomplete-shared": "1.7.1"
      }
    },
    "@algolia/autocomplete-preset-algolia": {
      "version": "1.7.1",
      "dev": true,
      "requires": {
        "@algolia/autocomplete-shared": "1.7.1"
      }
    },
    "@algolia/autocomplete-shared": {
      "version": "1.7.1",
      "dev": true
    },
    "@algolia/cache-browser-local-storage": {
      "version": "4.14.1",
      "dev": true,
      "requires": {
        "@algolia/cache-common": "4.14.1"
      }
    },
    "@algolia/cache-common": {
      "version": "4.14.1",
      "dev": true
    },
    "@algolia/cache-in-memory": {
      "version": "4.14.1",
      "dev": true,
      "requires": {
        "@algolia/cache-common": "4.14.1"
      }
    },
    "@algolia/client-account": {
      "version": "4.14.1",
      "dev": true,
      "requires": {
        "@algolia/client-common": "4.14.1",
        "@algolia/client-search": "4.14.1",
        "@algolia/transporter": "4.14.1"
      }
    },
    "@algolia/client-analytics": {
      "version": "4.14.1",
      "dev": true,
      "requires": {
        "@algolia/client-common": "4.14.1",
        "@algolia/client-search": "4.14.1",
        "@algolia/requester-common": "4.14.1",
        "@algolia/transporter": "4.14.1"
      }
    },
    "@algolia/client-common": {
      "version": "4.14.1",
      "dev": true,
      "requires": {
        "@algolia/requester-common": "4.14.1",
        "@algolia/transporter": "4.14.1"
      }
    },
    "@algolia/client-personalization": {
      "version": "4.14.1",
      "dev": true,
      "requires": {
        "@algolia/client-common": "4.14.1",
        "@algolia/requester-common": "4.14.1",
        "@algolia/transporter": "4.14.1"
      }
    },
    "@algolia/client-search": {
      "version": "4.14.1",
      "dev": true,
      "requires": {
        "@algolia/client-common": "4.14.1",
        "@algolia/requester-common": "4.14.1",
        "@algolia/transporter": "4.14.1"
      }
    },
    "@algolia/logger-common": {
      "version": "4.14.1",
      "dev": true
    },
    "@algolia/logger-console": {
      "version": "4.14.1",
      "dev": true,
      "requires": {
        "@algolia/logger-common": "4.14.1"
      }
    },
    "@algolia/requester-browser-xhr": {
      "version": "4.14.1",
      "dev": true,
      "requires": {
        "@algolia/requester-common": "4.14.1"
      }
    },
    "@algolia/requester-common": {
      "version": "4.14.1",
      "dev": true
    },
    "@algolia/requester-node-http": {
      "version": "4.14.1",
      "dev": true,
      "requires": {
        "@algolia/requester-common": "4.14.1"
      }
    },
    "@algolia/transporter": {
      "version": "4.14.1",
      "dev": true,
      "requires": {
        "@algolia/cache-common": "4.14.1",
        "@algolia/logger-common": "4.14.1",
        "@algolia/requester-common": "4.14.1"
      }
    },
    "@ampproject/remapping": {
      "version": "2.2.0",
      "dev": true,
      "requires": {
        "@jridgewell/gen-mapping": "^0.1.0",
        "@jridgewell/trace-mapping": "^0.3.9"
      }
    },
    "@antfu/install-pkg": {
      "version": "0.1.0",
      "dev": true,
      "requires": {
        "execa": "^5.1.1",
        "find-up": "^5.0.0"
      }
    },
    "@antfu/utils": {
      "version": "0.5.2",
      "dev": true
    },
    "@babel/parser": {
      "version": "7.18.9",
      "dev": true
    },
    "@docsearch/css": {
      "version": "3.1.1",
      "dev": true
    },
    "@docsearch/js": {
      "version": "3.1.1",
      "dev": true,
      "requires": {
        "@docsearch/react": "3.1.1",
        "preact": "^10.0.0"
      }
    },
    "@docsearch/react": {
      "version": "3.1.1",
      "dev": true,
      "requires": {
        "@algolia/autocomplete-core": "1.7.1",
        "@algolia/autocomplete-preset-algolia": "1.7.1",
        "@docsearch/css": "3.1.1",
        "algoliasearch": "^4.0.0"
      }
    },
    "@iconify/types": {
      "version": "1.1.0",
      "dev": true
    },
    "@iconify/utils": {
      "version": "1.0.33",
      "dev": true,
      "requires": {
        "@antfu/install-pkg": "^0.1.0",
        "@antfu/utils": "^0.5.0",
        "@iconify/types": "^1.1.0",
        "debug": "^4.3.4",
        "kolorist": "^1.5.1",
        "local-pkg": "^0.4.1"
      }
    },
    "@jridgewell/gen-mapping": {
      "version": "0.1.1",
      "dev": true,
      "requires": {
        "@jridgewell/set-array": "^1.0.0",
        "@jridgewell/sourcemap-codec": "^1.4.10"
      }
    },
    "@jridgewell/resolve-uri": {
      "version": "3.1.0",
      "dev": true
    },
    "@jridgewell/set-array": {
      "version": "1.1.2",
      "dev": true
    },
    "@jridgewell/sourcemap-codec": {
      "version": "1.4.14",
      "dev": true
    },
    "@jridgewell/trace-mapping": {
      "version": "0.3.14",
      "dev": true,
      "requires": {
        "@jridgewell/resolve-uri": "^3.0.3",
        "@jridgewell/sourcemap-codec": "^1.4.10"
      }
    },
    "@nodelib/fs.scandir": {
      "version": "2.1.5",
      "dev": true,
      "requires": {
        "@nodelib/fs.stat": "2.0.5",
        "run-parallel": "^1.1.9"
      }
    },
    "@nodelib/fs.stat": {
      "version": "2.0.5",
      "dev": true
    },
    "@nodelib/fs.walk": {
      "version": "1.2.8",
      "dev": true,
      "requires": {
        "@nodelib/fs.scandir": "2.1.5",
        "fastq": "^1.6.0"
      }
    },
    "@polka/url": {
      "version": "1.0.0-next.21",
      "dev": true
    },
    "@rollup/pluginutils": {
      "version": "4.2.1",
      "dev": true,
      "requires": {
        "estree-walker": "^2.0.1",
        "picomatch": "^2.2.2"
      }
    },
    "@types/node": {
      "version": "18.6.1",
      "resolved": "https://registry.npmmirror.com/@types/node/-/node-18.6.1.tgz",
      "integrity": "sha512-z+2vB6yDt1fNwKOeGbckpmirO+VBDuQqecXkgeIqDlaOtmKn6hPR/viQ8cxCfqLU4fTlvM3+YjM367TukWdxpg==",
      "dev": true
    },
    "@types/web-bluetooth": {
      "version": "0.0.14",
      "dev": true
    },
    "@unocss/cli": {
      "version": "0.44.7",
      "dev": true,
      "requires": {
        "@unocss/config": "0.44.7",
        "@unocss/core": "0.44.7",
        "@unocss/preset-uno": "0.44.7",
        "cac": "^6.7.12",
        "chokidar": "^3.5.3",
        "colorette": "^2.0.19",
        "consola": "^2.15.3",
        "fast-glob": "^3.2.11",
        "pathe": "^0.3.0",
        "perfect-debounce": "^0.1.3"
      }
    },
    "@unocss/config": {
      "version": "0.44.7",
      "dev": true,
      "requires": {
        "@unocss/core": "0.44.7",
        "unconfig": "^0.3.4"
      }
    },
    "@unocss/core": {
      "version": "0.44.7",
      "dev": true
    },
    "@unocss/inspector": {
      "version": "0.44.7",
      "dev": true,
      "requires": {
        "gzip-size": "^6.0.0",
        "sirv": "^2.0.2"
      }
    },
    "@unocss/preset-attributify": {
      "version": "0.44.7",
      "dev": true,
      "requires": {
        "@unocss/core": "0.44.7"
      }
    },
    "@unocss/preset-icons": {
      "version": "0.44.7",
      "dev": true,
      "requires": {
        "@iconify/utils": "^1.0.33",
        "@unocss/core": "0.44.7",
        "ohmyfetch": "^0.4.18"
      }
    },
    "@unocss/preset-mini": {
      "version": "0.44.7",
      "dev": true,
      "requires": {
        "@unocss/core": "0.44.7"
      }
    },
    "@unocss/preset-tagify": {
      "version": "0.44.7",
      "dev": true,
      "requires": {
        "@unocss/core": "0.44.7"
      }
    },
    "@unocss/preset-typography": {
      "version": "0.44.7",
      "dev": true,
      "requires": {
        "@unocss/core": "0.44.7"
      }
    },
    "@unocss/preset-uno": {
      "version": "0.44.7",
      "dev": true,
      "requires": {
        "@unocss/core": "0.44.7",
        "@unocss/preset-mini": "0.44.7",
        "@unocss/preset-wind": "0.44.7"
      }
    },
    "@unocss/preset-web-fonts": {
      "version": "0.44.7",
      "dev": true,
      "requires": {
        "@unocss/core": "0.44.7",
        "ohmyfetch": "^0.4.18"
      }
    },
    "@unocss/preset-wind": {
      "version": "0.44.7",
      "dev": true,
      "requires": {
        "@unocss/core": "0.44.7",
        "@unocss/preset-mini": "0.44.7"
      }
    },
    "@unocss/reset": {
      "version": "0.44.7",
      "dev": true
    },
    "@unocss/scope": {
      "version": "0.44.7",
      "dev": true
    },
    "@unocss/transformer-compile-class": {
      "version": "0.44.7",
      "dev": true,
      "requires": {
        "@unocss/core": "0.44.7"
      }
    },
    "@unocss/transformer-directives": {
      "version": "0.44.7",
      "dev": true,
      "requires": {
        "@unocss/core": "0.44.7",
        "css-tree": "^2.1.0"
      }
    },
    "@unocss/transformer-variant-group": {
      "version": "0.44.7",
      "dev": true,
      "requires": {
        "@unocss/core": "0.44.7"
      }
    },
    "@unocss/vite": {
      "version": "0.44.7",
      "dev": true,
      "requires": {
        "@ampproject/remapping": "^2.2.0",
        "@rollup/pluginutils": "^4.2.1",
        "@unocss/config": "0.44.7",
        "@unocss/core": "0.44.7",
        "@unocss/inspector": "0.44.7",
        "@unocss/scope": "0.44.7",
        "@unocss/transformer-directives": "0.44.7",
        "magic-string": "^0.26.2"
      }
    },
    "@vicons/ionicons5": {
      "version": "0.12.0",
      "dev": true
    },
    "@vitejs/plugin-vue": {
      "version": "3.0.1",
      "dev": true
    },
    "@volar/code-gen": {
      "version": "0.38.9",
      "dev": true,
      "requires": {
        "@volar/source-map": "0.38.9"
      }
    },
    "@volar/source-map": {
      "version": "0.38.9",
      "dev": true
    },
    "@volar/vue-code-gen": {
      "version": "0.38.9",
      "dev": true,
      "requires": {
        "@volar/code-gen": "0.38.9",
        "@volar/source-map": "0.38.9",
        "@vue/compiler-core": "^3.2.37",
        "@vue/compiler-dom": "^3.2.37",
        "@vue/shared": "^3.2.37"
      }
    },
    "@volar/vue-typescript": {
      "version": "0.38.9",
      "dev": true,
      "requires": {
        "@volar/code-gen": "0.38.9",
        "@volar/source-map": "0.38.9",
        "@volar/vue-code-gen": "0.38.9",
        "@vue/compiler-sfc": "^3.2.37",
        "@vue/reactivity": "^3.2.37"
      }
    },
    "@vue/compiler-core": {
      "version": "3.2.37",
      "dev": true,
      "requires": {
        "@babel/parser": "^7.16.4",
        "@vue/shared": "3.2.37",
        "estree-walker": "^2.0.2",
        "source-map": "^0.6.1"
      }
    },
    "@vue/compiler-dom": {
      "version": "3.2.37",
      "dev": true,
      "requires": {
        "@vue/compiler-core": "3.2.37",
        "@vue/shared": "3.2.37"
      }
    },
    "@vue/compiler-sfc": {
      "version": "3.2.37",
      "dev": true,
      "requires": {
        "@babel/parser": "^7.16.4",
        "@vue/compiler-core": "3.2.37",
        "@vue/compiler-dom": "3.2.37",
        "@vue/compiler-ssr": "3.2.37",
        "@vue/reactivity-transform": "3.2.37",
        "@vue/shared": "3.2.37",
        "estree-walker": "^2.0.2",
        "magic-string": "^0.25.7",
        "postcss": "^8.1.10",
        "source-map": "^0.6.1"
      },
      "dependencies": {
        "magic-string": {
          "version": "0.25.9",
          "resolved": "https://registry.npmmirror.com/magic-string/-/magic-string-0.25.9.tgz",
          "integrity": "sha512-RmF0AsMzgt25qzqqLc1+MbHmhdx0ojF2Fvs4XnOqz2ZOBXzzkEwc/dJQZCYHAn7v1jbVOjAZfK8msRn4BxO4VQ==",
          "dev": true,
          "requires": {
            "sourcemap-codec": "^1.4.8"
          }
        }
      }
    },
    "@vue/compiler-ssr": {
      "version": "3.2.37",
      "dev": true,
      "requires": {
        "@vue/compiler-dom": "3.2.37",
        "@vue/shared": "3.2.37"
      }
    },
    "@vue/devtools-api": {
      "version": "6.2.1",
      "dev": true
    },
    "@vue/reactivity": {
      "version": "3.2.37",
      "dev": true,
      "requires": {
        "@vue/shared": "3.2.37"
      }
    },
    "@vue/reactivity-transform": {
      "version": "3.2.37",
      "dev": true,
      "requires": {
        "@babel/parser": "^7.16.4",
        "@vue/compiler-core": "3.2.37",
        "@vue/shared": "3.2.37",
        "estree-walker": "^2.0.2",
        "magic-string": "^0.25.7"
      },
      "dependencies": {
        "magic-string": {
          "version": "0.25.9",
          "resolved": "https://registry.npmmirror.com/magic-string/-/magic-string-0.25.9.tgz",
          "integrity": "sha512-RmF0AsMzgt25qzqqLc1+MbHmhdx0ojF2Fvs4XnOqz2ZOBXzzkEwc/dJQZCYHAn7v1jbVOjAZfK8msRn4BxO4VQ==",
          "dev": true,
          "requires": {
            "sourcemap-codec": "^1.4.8"
          }
        }
      }
    },
    "@vue/runtime-core": {
      "version": "3.2.37",
      "dev": true,
      "requires": {
        "@vue/reactivity": "3.2.37",
        "@vue/shared": "3.2.37"
      }
    },
    "@vue/runtime-dom": {
      "version": "3.2.37",
      "dev": true,
      "requires": {
        "@vue/runtime-core": "3.2.37",
        "@vue/shared": "3.2.37",
        "csstype": "^2.6.8"
      }
    },
    "@vue/server-renderer": {
      "version": "3.2.37",
      "dev": true,
      "requires": {
        "@vue/compiler-ssr": "3.2.37",
        "@vue/shared": "3.2.37"
      }
    },
    "@vue/shared": {
      "version": "3.2.37",
      "dev": true
    },
    "@vueuse/core": {
      "version": "8.9.4",
      "dev": true,
      "requires": {
        "@types/web-bluetooth": "^0.0.14",
        "@vueuse/metadata": "8.9.4",
        "@vueuse/shared": "8.9.4",
        "vue-demi": "*"
      }
    },
    "@vueuse/metadata": {
      "version": "8.9.4",
      "dev": true
    },
    "@vueuse/shared": {
      "version": "8.9.4",
      "dev": true,
      "requires": {
        "vue-demi": "*"
      }
    },
    "algoliasearch": {
      "version": "4.14.1",
      "dev": true,
      "requires": {
        "@algolia/cache-browser-local-storage": "4.14.1",
        "@algolia/cache-common": "4.14.1",
        "@algolia/cache-in-memory": "4.14.1",
        "@algolia/client-account": "4.14.1",
        "@algolia/client-analytics": "4.14.1",
        "@algolia/client-common": "4.14.1",
        "@algolia/client-personalization": "4.14.1",
        "@algolia/client-search": "4.14.1",
        "@algolia/logger-common": "4.14.1",
        "@algolia/logger-console": "4.14.1",
        "@algolia/requester-browser-xhr": "4.14.1",
        "@algolia/requester-common": "4.14.1",
        "@algolia/requester-node-http": "4.14.1",
        "@algolia/transporter": "4.14.1"
      }
    },
    "anymatch": {
      "version": "3.1.2",
      "dev": true,
      "requires": {
        "normalize-path": "^3.0.0",
        "picomatch": "^2.0.4"
      }
    },
    "binary-extensions": {
      "version": "2.2.0",
      "dev": true
    },
    "body-scroll-lock": {
      "version": "4.0.0-beta.0",
      "dev": true
    },
    "braces": {
      "version": "3.0.2",
      "dev": true,
      "requires": {
        "fill-range": "^7.0.1"
      }
    },
    "cac": {
      "version": "6.7.12",
      "dev": true
    },
    "chokidar": {
      "version": "3.5.3",
      "dev": true,
      "requires": {
        "anymatch": "~3.1.2",
        "braces": "~3.0.2",
        "fsevents": "~2.3.2",
        "glob-parent": "~5.1.2",
        "is-binary-path": "~2.1.0",
        "is-glob": "~4.0.1",
        "normalize-path": "~3.0.0",
        "readdirp": "~3.6.0"
      }
    },
    "colorette": {
      "version": "2.0.19",
      "dev": true
    },
    "consola": {
      "version": "2.15.3",
      "dev": true
    },
    "cross-spawn": {
      "version": "7.0.3",
      "dev": true,
      "requires": {
        "path-key": "^3.1.0",
        "shebang-command": "^2.0.0",
        "which": "^2.0.1"
      }
    },
    "css-tree": {
      "version": "2.1.0",
      "dev": true,
      "requires": {
        "mdn-data": "2.0.27",
        "source-map-js": "^1.0.1"
      }
    },
    "csstype": {
      "version": "2.6.20",
      "dev": true
    },
    "debug": {
      "version": "4.3.4",
      "dev": true,
      "requires": {
        "ms": "2.1.2"
      }
    },
    "defu": {
      "version": "6.0.0",
      "dev": true
    },
    "destr": {
      "version": "1.1.1",
      "dev": true
    },
    "duplexer": {
      "version": "0.1.2",
      "dev": true
    },
    "esbuild": {
      "version": "0.14.50",
      "dev": true,
      "requires": {
        "esbuild-android-64": "0.14.50",
        "esbuild-android-arm64": "0.14.50",
        "esbuild-darwin-64": "0.14.50",
        "esbuild-darwin-arm64": "0.14.50",
        "esbuild-freebsd-64": "0.14.50",
        "esbuild-freebsd-arm64": "0.14.50",
        "esbuild-linux-32": "0.14.50",
        "esbuild-linux-64": "0.14.50",
        "esbuild-linux-arm": "0.14.50",
        "esbuild-linux-arm64": "0.14.50",
        "esbuild-linux-mips64le": "0.14.50",
        "esbuild-linux-ppc64le": "0.14.50",
        "esbuild-linux-riscv64": "0.14.50",
        "esbuild-linux-s390x": "0.14.50",
        "esbuild-netbsd-64": "0.14.50",
        "esbuild-openbsd-64": "0.14.50",
        "esbuild-sunos-64": "0.14.50",
        "esbuild-windows-32": "0.14.50",
        "esbuild-windows-64": "0.14.50",
        "esbuild-windows-arm64": "0.14.50"
      }
    },
    "esbuild-android-64": {
      "version": "0.14.50",
      "resolved": "https://registry.npmmirror.com/esbuild-android-64/-/esbuild-android-64-0.14.50.tgz",
      "integrity": "sha512-H7iUEm7gUJHzidsBlFPGF6FTExazcgXL/46xxLo6i6bMtPim6ZmXyTccS8yOMpy6HAC6dPZ/JCQqrkkin69n6Q==",
      "dev": true,
      "optional": true
    },
    "esbuild-android-arm64": {
      "version": "0.14.50",
      "resolved": "https://registry.npmmirror.com/esbuild-android-arm64/-/esbuild-android-arm64-0.14.50.tgz",
      "integrity": "sha512-NFaoqEwa+OYfoYVpQWDMdKII7wZZkAjtJFo1WdnBeCYlYikvUhTnf2aPwPu5qEAw/ie1NYK0yn3cafwP+kP+OQ==",
      "dev": true,
      "optional": true
    },
    "esbuild-darwin-64": {
      "version": "0.14.50",
      "resolved": "https://registry.npmmirror.com/esbuild-darwin-64/-/esbuild-darwin-64-0.14.50.tgz",
      "integrity": "sha512-gDQsCvGnZiJv9cfdO48QqxkRV8oKAXgR2CGp7TdIpccwFdJMHf8hyIJhMW/05b/HJjET/26Us27Jx91BFfEVSA==",
      "dev": true,
      "optional": true
    },
    "esbuild-darwin-arm64": {
      "version": "0.14.50",
      "resolved": "https://registry.npmmirror.com/esbuild-darwin-arm64/-/esbuild-darwin-arm64-0.14.50.tgz",
      "integrity": "sha512-36nNs5OjKIb/Q50Sgp8+rYW/PqirRiFN0NFc9hEvgPzNJxeJedktXwzfJSln4EcRFRh5Vz4IlqFRScp+aiBBzA==",
      "dev": true,
      "optional": true
    },
    "esbuild-freebsd-64": {
      "version": "0.14.50",
      "resolved": "https://registry.npmmirror.com/esbuild-freebsd-64/-/esbuild-freebsd-64-0.14.50.tgz",
      "integrity": "sha512-/1pHHCUem8e/R86/uR+4v5diI2CtBdiWKiqGuPa9b/0x3Nwdh5AOH7lj+8823C6uX1e0ufwkSLkS+aFZiBCWxA==",
      "dev": true,
      "optional": true
    },
    "esbuild-freebsd-arm64": {
      "version": "0.14.50",
      "resolved": "https://registry.npmmirror.com/esbuild-freebsd-arm64/-/esbuild-freebsd-arm64-0.14.50.tgz",
      "integrity": "sha512-iKwUVMQztnPZe5pUYHdMkRc9aSpvoV1mkuHlCoPtxZA3V+Kg/ptpzkcSY+fKd0kuom+l6Rc93k0UPVkP7xoqrw==",
      "dev": true,
      "optional": true
    },
    "esbuild-linux-32": {
      "version": "0.14.50",
      "resolved": "https://registry.npmmirror.com/esbuild-linux-32/-/esbuild-linux-32-0.14.50.tgz",
      "integrity": "sha512-sWUwvf3uz7dFOpLzYuih+WQ7dRycrBWHCdoXJ4I4XdMxEHCECd8b7a9N9u7FzT6XR2gHPk9EzvchQUtiEMRwqw==",
      "dev": true,
      "optional": true
    },
    "esbuild-linux-64": {
      "version": "0.14.50",
      "resolved": "https://registry.npmmirror.com/esbuild-linux-64/-/esbuild-linux-64-0.14.50.tgz",
      "integrity": "sha512-u0PQxPhaeI629t4Y3EEcQ0wmWG+tC/LpP2K7yDFvwuPq0jSQ8SIN+ARNYfRjGW15O2we3XJvklbGV0wRuUCPig==",
      "dev": true,
      "optional": true
    },
    "esbuild-linux-arm": {
      "version": "0.14.50",
      "resolved": "https://registry.npmmirror.com/esbuild-linux-arm/-/esbuild-linux-arm-0.14.50.tgz",
      "integrity": "sha512-VALZq13bhmFJYFE/mLEb+9A0w5vo8z+YDVOWeaf9vOTrSC31RohRIwtxXBnVJ7YKLYfEMzcgFYf+OFln3Y0cWg==",
      "dev": true,
      "optional": true
    },
    "esbuild-linux-arm64": {
      "version": "0.14.50",
      "resolved": "https://registry.npmmirror.com/esbuild-linux-arm64/-/esbuild-linux-arm64-0.14.50.tgz",
      "integrity": "sha512-ZyfoNgsTftD7Rp5S7La5auomKdNeB3Ck+kSKXC4pp96VnHyYGjHHXWIlcbH8i+efRn9brszo1/Thl1qn8RqmhQ==",
      "dev": true,
      "optional": true
    },
    "esbuild-linux-mips64le": {
      "version": "0.14.50",
      "resolved": "https://registry.npmmirror.com/esbuild-linux-mips64le/-/esbuild-linux-mips64le-0.14.50.tgz",
      "integrity": "sha512-ygo31Vxn/WrmjKCHkBoutOlFG5yM9J2UhzHb0oWD9O61dGg+Hzjz9hjf5cmM7FBhAzdpOdEWHIrVOg2YAi6rTw==",
      "dev": true,
      "optional": true
    },
    "esbuild-linux-ppc64le": {
      "version": "0.14.50",
      "resolved": "https://registry.npmmirror.com/esbuild-linux-ppc64le/-/esbuild-linux-ppc64le-0.14.50.tgz",
      "integrity": "sha512-xWCKU5UaiTUT6Wz/O7GKP9KWdfbsb7vhfgQzRfX4ahh5NZV4ozZ4+SdzYG8WxetsLy84UzLX3Pi++xpVn1OkFQ==",
      "dev": true,
      "optional": true
    },
    "esbuild-linux-riscv64": {
      "version": "0.14.50",
      "resolved": "https://registry.npmmirror.com/esbuild-linux-riscv64/-/esbuild-linux-riscv64-0.14.50.tgz",
      "integrity": "sha512-0+dsneSEihZTopoO9B6Z6K4j3uI7EdxBP7YSF5rTwUgCID+wHD3vM1gGT0m+pjCW+NOacU9kH/WE9N686FHAJg==",
      "dev": true,
      "optional": true
    },
    "esbuild-linux-s390x": {
      "version": "0.14.50",
      "resolved": "https://registry.npmmirror.com/esbuild-linux-s390x/-/esbuild-linux-s390x-0.14.50.tgz",
      "integrity": "sha512-tVjqcu8o0P9H4StwbIhL1sQYm5mWATlodKB6dpEZFkcyTI8kfIGWiWcrGmkNGH2i1kBUOsdlBafPxR3nzp3TDA==",
      "dev": true,
      "optional": true
    },
    "esbuild-netbsd-64": {
      "version": "0.14.50",
      "resolved": "https://registry.npmmirror.com/esbuild-netbsd-64/-/esbuild-netbsd-64-0.14.50.tgz",
      "integrity": "sha512-0R/glfqAQ2q6MHDf7YJw/TulibugjizBxyPvZIcorH0Mb7vSimdHy0XF5uCba5CKt+r4wjax1mvO9lZ4jiAhEg==",
      "dev": true,
      "optional": true
    },
    "esbuild-openbsd-64": {
      "version": "0.14.50",
      "resolved": "https://registry.npmmirror.com/esbuild-openbsd-64/-/esbuild-openbsd-64-0.14.50.tgz",
      "integrity": "sha512-7PAtmrR5mDOFubXIkuxYQ4bdNS6XCK8AIIHUiZxq1kL8cFIH5731jPcXQ4JNy/wbj1C9sZ8rzD8BIM80Tqk29w==",
      "dev": true,
      "optional": true
    },
    "esbuild-sunos-64": {
      "version": "0.14.50",
      "resolved": "https://registry.npmmirror.com/esbuild-sunos-64/-/esbuild-sunos-64-0.14.50.tgz",
      "integrity": "sha512-gBxNY/wyptvD7PkHIYcq7se6SQEXcSC8Y7mE0FJB+CGgssEWf6vBPfTTZ2b6BWKnmaP6P6qb7s/KRIV5T2PxsQ==",
      "dev": true,
      "optional": true
    },
    "esbuild-windows-32": {
      "version": "0.14.50",
      "resolved": "https://registry.npmmirror.com/esbuild-windows-32/-/esbuild-windows-32-0.14.50.tgz",
      "integrity": "sha512-MOOe6J9cqe/iW1qbIVYSAqzJFh0p2LBLhVUIWdMVnNUNjvg2/4QNX4oT4IzgDeldU+Bym9/Tn6+DxvUHJXL5Zw==",
      "dev": true,
      "optional": true
    },
    "esbuild-windows-64": {
      "version": "0.14.50",
      "dev": true,
      "optional": true
    },
    "esbuild-windows-arm64": {
      "version": "0.14.50",
      "resolved": "https://registry.npmmirror.com/esbuild-windows-arm64/-/esbuild-windows-arm64-0.14.50.tgz",
      "integrity": "sha512-EMS4lQnsIe12ZyAinOINx7eq2mjpDdhGZZWDwPZE/yUTN9cnc2Ze/xUTYIAyaJqrqQda3LnDpADKpvLvol6ENQ==",
      "dev": true,
      "optional": true
    },
    "estree-walker": {
      "version": "2.0.2",
      "dev": true
    },
    "execa": {
      "version": "5.1.1",
      "dev": true,
      "requires": {
        "cross-spawn": "^7.0.3",
        "get-stream": "^6.0.0",
        "human-signals": "^2.1.0",
        "is-stream": "^2.0.0",
        "merge-stream": "^2.0.0",
        "npm-run-path": "^4.0.1",
        "onetime": "^5.1.2",
        "signal-exit": "^3.0.3",
        "strip-final-newline": "^2.0.0"
      }
    },
    "fast-glob": {
      "version": "3.2.11",
      "dev": true,
      "requires": {
        "@nodelib/fs.stat": "^2.0.2",
        "@nodelib/fs.walk": "^1.2.3",
        "glob-parent": "^5.1.2",
        "merge2": "^1.3.0",
        "micromatch": "^4.0.4"
      }
    },
    "fastq": {
      "version": "1.13.0",
      "dev": true,
      "requires": {
        "reusify": "^1.0.4"
      }
    },
    "fill-range": {
      "version": "7.0.1",
      "dev": true,
      "requires": {
        "to-regex-range": "^5.0.1"
      }
    },
    "find-up": {
      "version": "5.0.0",
      "dev": true,
      "requires": {
        "locate-path": "^6.0.0",
        "path-exists": "^4.0.0"
      }
    },
    "fsevents": {
      "version": "2.3.2",
      "resolved": "https://registry.npmmirror.com/fsevents/-/fsevents-2.3.2.tgz",
      "integrity": "sha512-xiqMQR4xAeHTuB9uWm+fFRcIOgKBMiOBP+eXiyT7jsgVCq1bkVygt00oASowB7EdtpOHaaPgKt812P9ab+DDKA==",
      "dev": true,
      "optional": true
    },
    "function-bind": {
      "version": "1.1.1",
      "dev": true
    },
    "get-stream": {
      "version": "6.0.1",
      "dev": true
    },
    "glob-parent": {
      "version": "5.1.2",
      "dev": true,
      "requires": {
        "is-glob": "^4.0.1"
      }
    },
    "gzip-size": {
      "version": "6.0.0",
      "dev": true,
      "requires": {
        "duplexer": "^0.1.2"
      }
    },
    "has": {
      "version": "1.0.3",
      "dev": true,
      "requires": {
        "function-bind": "^1.1.1"
      }
    },
    "human-signals": {
      "version": "2.1.0",
      "dev": true
    },
    "immutable": {
      "version": "4.1.0",
      "dev": true
    },
    "is-binary-path": {
      "version": "2.1.0",
      "dev": true,
      "requires": {
        "binary-extensions": "^2.0.0"
      }
    },
    "is-core-module": {
      "version": "2.9.0",
      "dev": true,
      "requires": {
        "has": "^1.0.3"
      }
    },
    "is-extglob": {
      "version": "2.1.1",
      "dev": true
    },
    "is-glob": {
      "version": "4.0.3",
      "dev": true,
      "requires": {
        "is-extglob": "^2.1.1"
      }
    },
    "is-number": {
      "version": "7.0.0",
      "dev": true
    },
    "is-stream": {
      "version": "2.0.1",
      "dev": true
    },
    "isexe": {
      "version": "2.0.0",
      "dev": true
    },
    "jiti": {
      "version": "1.14.0",
      "dev": true
    },
    "jsonc-parser": {
      "version": "3.1.0",
      "dev": true
    },
    "kolorist": {
      "version": "1.5.1",
      "dev": true
    },
    "local-pkg": {
      "version": "0.4.2",
      "dev": true
    },
    "locate-path": {
      "version": "6.0.0",
      "dev": true,
      "requires": {
        "p-locate": "^5.0.0"
      }
    },
    "magic-string": {
      "version": "0.26.2",
      "dev": true,
      "requires": {
        "sourcemap-codec": "^1.4.8"
      }
    },
    "mdn-data": {
      "version": "2.0.27",
      "dev": true
    },
    "merge-stream": {
      "version": "2.0.0",
      "dev": true
    },
    "merge2": {
      "version": "1.4.1",
      "dev": true
    },
    "micromatch": {
      "version": "4.0.5",
      "dev": true,
      "requires": {
        "braces": "^3.0.2",
        "picomatch": "^2.3.1"
      }
    },
    "mimic-fn": {
      "version": "2.1.0",
      "dev": true
    },
    "mrmime": {
      "version": "1.0.1",
      "dev": true
    },
    "ms": {
      "version": "2.1.2",
      "dev": true
    },
    "nanoid": {
      "version": "3.3.4",
      "dev": true
    },
    "node-fetch-native": {
      "version": "0.1.4",
      "dev": true
    },
    "normalize-path": {
      "version": "3.0.0",
      "dev": true
    },
    "npm-run-path": {
      "version": "4.0.1",
      "dev": true,
      "requires": {
        "path-key": "^3.0.0"
      }
    },
    "ohmyfetch": {
      "version": "0.4.18",
      "dev": true,
      "requires": {
        "destr": "^1.1.1",
        "node-fetch-native": "^0.1.3",
        "ufo": "^0.8.4",
        "undici": "^5.2.0"
      }
    },
    "onetime": {
      "version": "5.1.2",
      "dev": true,
      "requires": {
        "mimic-fn": "^2.1.0"
      }
    },
    "p-limit": {
      "version": "3.1.0",
      "dev": true,
      "requires": {
        "yocto-queue": "^0.1.0"
      }
    },
    "p-locate": {
      "version": "5.0.0",
      "dev": true,
      "requires": {
        "p-limit": "^3.0.2"
      }
    },
    "path-exists": {
      "version": "4.0.0",
      "dev": true
    },
    "path-key": {
      "version": "3.1.1",
      "dev": true
    },
    "path-parse": {
      "version": "1.0.7",
      "dev": true
    },
    "pathe": {
      "version": "0.3.2",
      "dev": true
    },
    "perfect-debounce": {
      "version": "0.1.3",
      "dev": true
    },
    "picocolors": {
      "version": "1.0.0",
      "dev": true
    },
    "picomatch": {
      "version": "2.3.1",
      "dev": true
    },
    "postcss": {
      "version": "8.4.14",
      "dev": true,
      "requires": {
        "nanoid": "^3.3.4",
        "picocolors": "^1.0.0",
        "source-map-js": "^1.0.2"
      }
    },
    "preact": {
      "version": "10.10.0",
      "dev": true
    },
    "queue-microtask": {
      "version": "1.2.3",
      "dev": true
    },
    "readdirp": {
      "version": "3.6.0",
      "dev": true,
      "requires": {
        "picomatch": "^2.2.1"
      }
    },
    "resolve": {
      "version": "1.22.1",
      "dev": true,
      "requires": {
        "is-core-module": "^2.9.0",
        "path-parse": "^1.0.7",
        "supports-preserve-symlinks-flag": "^1.0.0"
      }
    },
    "reusify": {
      "version": "1.0.4",
      "dev": true
    },
    "rollup": {
      "version": "2.77.1",
      "dev": true,
      "requires": {
        "fsevents": "~2.3.2"
      }
    },
    "run-parallel": {
      "version": "1.2.0",
      "dev": true,
      "requires": {
        "queue-microtask": "^1.2.2"
      }
    },
    "sass": {
      "version": "1.54.0",
      "dev": true,
      "requires": {
        "chokidar": ">=3.0.0 <4.0.0",
        "immutable": "^4.0.0",
        "source-map-js": ">=0.6.2 <2.0.0"
      }
    },
    "shebang-command": {
      "version": "2.0.0",
      "dev": true,
      "requires": {
        "shebang-regex": "^3.0.0"
      }
    },
    "shebang-regex": {
      "version": "3.0.0",
      "dev": true
    },
    "shiki": {
      "version": "0.10.1",
      "dev": true,
      "requires": {
        "jsonc-parser": "^3.0.0",
        "vscode-oniguruma": "^1.6.1",
        "vscode-textmate": "5.2.0"
      }
    },
    "signal-exit": {
      "version": "3.0.7",
      "dev": true
    },
    "sirv": {
      "version": "2.0.2",
      "dev": true,
      "requires": {
        "@polka/url": "^1.0.0-next.20",
        "mrmime": "^1.0.0",
        "totalist": "^3.0.0"
      }
    },
    "source-map": {
      "version": "0.6.1",
      "dev": true
    },
    "source-map-js": {
      "version": "1.0.2",
      "dev": true
    },
    "sourcemap-codec": {
      "version": "1.4.8",
      "dev": true
    },
    "strip-final-newline": {
      "version": "2.0.0",
      "dev": true
    },
    "supports-preserve-symlinks-flag": {
      "version": "1.0.0",
      "dev": true
    },
    "to-regex-range": {
      "version": "5.0.1",
      "dev": true,
      "requires": {
        "is-number": "^7.0.0"
      }
    },
    "totalist": {
      "version": "3.0.0",
      "dev": true
    },
    "typescript": {
      "version": "4.7.4",
      "dev": true
    },
    "ufo": {
      "version": "0.8.5",
      "dev": true
    },
    "unconfig": {
      "version": "0.3.5",
      "dev": true,
      "requires": {
        "@antfu/utils": "^0.5.2",
        "defu": "^6.0.0",
        "jiti": "^1.14.0"
      }
    },
    "undici": {
      "version": "5.8.0",
      "dev": true
    },
    "unocss": {
      "version": "0.44.7",
      "dev": true,
      "requires": {
        "@unocss/cli": "0.44.7",
        "@unocss/core": "0.44.7",
        "@unocss/preset-attributify": "0.44.7",
        "@unocss/preset-icons": "0.44.7",
        "@unocss/preset-mini": "0.44.7",
        "@unocss/preset-tagify": "0.44.7",
        "@unocss/preset-typography": "0.44.7",
        "@unocss/preset-uno": "0.44.7",
        "@unocss/preset-web-fonts": "0.44.7",
        "@unocss/preset-wind": "0.44.7",
        "@unocss/reset": "0.44.7",
        "@unocss/transformer-compile-class": "0.44.7",
        "@unocss/transformer-directives": "0.44.7",
        "@unocss/transformer-variant-group": "0.44.7",
        "@unocss/vite": "0.44.7"
      }
    },
    "vite": {
      "version": "3.0.3",
      "dev": true,
      "requires": {
        "esbuild": "^0.14.47",
        "fsevents": "~2.3.2",
        "postcss": "^8.4.14",
        "resolve": "^1.22.1",
        "rollup": "^2.75.6"
      }
    },
    "vitepress": {
      "version": "1.0.0-alpha.4",
      "dev": true,
      "requires": {
        "@docsearch/css": "^3.0.0",
        "@docsearch/js": "^3.0.0",
        "@vitejs/plugin-vue": "^2.3.2",
        "@vue/devtools-api": "^6.1.4",
        "@vueuse/core": "^8.5.0",
        "body-scroll-lock": "^4.0.0-beta.0",
        "shiki": "^0.10.1",
        "vite": "^2.9.7",
        "vue": "^3.2.33"
      },
      "dependencies": {
        "@vitejs/plugin-vue": {
          "version": "2.3.3",
          "resolved": "https://registry.npmmirror.com/@vitejs/plugin-vue/-/plugin-vue-2.3.3.tgz",
          "integrity": "sha512-SmQLDyhz+6lGJhPELsBdzXGc+AcaT8stgkbiTFGpXPe8Tl1tJaBw1A6pxDqDuRsVkD8uscrkx3hA7QDOoKYtyw==",
          "dev": true
        },
        "vite": {
          "version": "2.9.14",
          "resolved": "https://registry.npmmirror.com/vite/-/vite-2.9.14.tgz",
          "integrity": "sha512-P/UCjSpSMcE54r4mPak55hWAZPlyfS369svib/gpmz8/01L822lMPOJ/RYW6tLCe1RPvMvOsJ17erf55bKp4Hw==",
          "dev": true,
          "requires": {
            "esbuild": "^0.14.27",
            "fsevents": "~2.3.2",
            "postcss": "^8.4.13",
            "resolve": "^1.22.0",
            "rollup": "^2.59.0"
          }
        }
      }
    },
    "vscode-oniguruma": {
      "version": "1.6.2",
      "dev": true
    },
    "vscode-textmate": {
      "version": "5.2.0",
      "dev": true
    },
    "vue": {
      "version": "3.2.37",
      "dev": true,
      "requires": {
        "@vue/compiler-dom": "3.2.37",
        "@vue/compiler-sfc": "3.2.37",
        "@vue/runtime-dom": "3.2.37",
        "@vue/server-renderer": "3.2.37",
        "@vue/shared": "3.2.37"
      }
    },
    "vue-demi": {
      "version": "0.13.6",
      "dev": true
    },
    "vue-tsc": {
      "version": "0.38.9",
      "dev": true,
      "requires": {
        "@volar/vue-typescript": "0.38.9"
      }
    },
    "which": {
      "version": "2.0.2",
      "dev": true,
      "requires": {
        "isexe": "^2.0.0"
      }
    },
    "yocto-queue": {
      "version": "0.1.0",
      "dev": true
    }
  }
}
